// !$*UTF8*$!
{
	archiveVersion = 1;
	classes = {
	};
	objectVersion = 50;
	objects = {

/* Begin PBXBuildFile section */
		D054B5E321470D1900C0A1AC /* AppDelegate.swift in Sources */ = {isa = PBXBuildFile; fileRef = D054B5E221470D1900C0A1AC /* AppDelegate.swift */; };
		D054B5E521470D1900C0A1AC /* ViewController.swift in Sources */ = {isa = PBXBuildFile; fileRef = D054B5E421470D1900C0A1AC /* ViewController.swift */; };
		D054B5E821470D1900C0A1AC /* Main.storyboard in Resources */ = {isa = PBXBuildFile; fileRef = D054B5E621470D1900C0A1AC /* Main.storyboard */; };
		D054B5EB21470D1900C0A1AC /* RainbowRow.xcdatamodeld in Sources */ = {isa = PBXBuildFile; fileRef = D054B5E921470D1900C0A1AC /* RainbowRow.xcdatamodeld */; };
		D054B5ED21470D1900C0A1AC /* Assets.xcassets in Resources */ = {isa = PBXBuildFile; fileRef = D054B5EC21470D1900C0A1AC /* Assets.xcassets */; };
		D054B5F021470D1900C0A1AC /* LaunchScreen.storyboard in Resources */ = {isa = PBXBuildFile; fileRef = D054B5EE21470D1900C0A1AC /* LaunchScreen.storyboard */; };
/* End PBXBuildFile section */

/* Begin PBXFileReference section */
		D054B5DF21470D1900C0A1AC /* RainbowRow.app */ = {isa = PBXFileReference; explicitFileType = wrapper.application; includeInIndex = 0; path = RainbowRow.app; sourceTree = BUILT_PRODUCTS_DIR; };
		D054B5E221470D1900C0A1AC /* AppDelegate.swift */ = {isa = PBXFileReference; lastKnownFileType = sourcecode.swift; path = AppDelegate.swift; sourceTree = "<group>"; };
		D054B5E421470D1900C0A1AC /* ViewController.swift */ = {isa = PBXFileReference; lastKnownFileType = sourcecode.swift; path = ViewController.swift; sourceTree = "<group>"; };
		D054B5E721470D1900C0A1AC /* Base */ = {isa = PBXFileReference; lastKnownFileType = file.storyboard; name = Base; path = Base.lproj/Main.storyboard; sourceTree = "<group>"; };
		D054B5EA21470D1900C0A1AC /* RainbowRow.xcdatamodel */ = {isa = PBXFileReference; lastKnownFileType = wrapper.xcdatamodel; path = RainbowRow.xcdatamodel; sourceTree = "<group>"; };
		D054B5EC21470D1900C0A1AC /* Assets.xcassets */ = {isa = PBXFileReference; lastKnownFileType = folder.assetcatalog; path = Assets.xcassets; sourceTree = "<group>"; };
		D054B5EF21470D1900C0A1AC /* Base */ = {isa = PBXFileReference; lastKnownFileType = file.storyboard; name = Base; path = Base.lproj/LaunchScreen.storyboard; sourceTree = "<group>"; };
		D054B5F121470D1900C0A1AC /* Info.plist */ = {isa = PBXFileReference; lastKnownFileType = text.plist.xml; path = Info.plist; sourceTree = "<group>"; };
/* End PBXFileReference section */

/* Begin PBXFrameworksBuildPhase section */
		D054B5DC21470D1900C0A1AC /* Frameworks */ = {
			isa = PBXFrameworksBuildPhase;
			buildActionMask = 2147483647;
			files = (
			);
			runOnlyForDeploymentPostprocessing = 0;
		};
/* End PBXFrameworksBuildPhase section */

/* Begin PBXGroup section */
		D054B5D621470D1900C0A1AC = {
			isa = PBXGroup;
			children = (
				D054B5E121470D1900C0A1AC /* RainbowRow */,
				D054B5E021470D1900C0A1AC /* Products */,
			);
			sourceTree = "<group>";
		};
		D054B5E021470D1900C0A1AC /* Products */ = {
			isa = PBXGroup;
			children = (
				D054B5DF21470D1900C0A1AC /* RainbowRow.app */,
			);
			name = Products;
			sourceTree = "<group>";
		};
		D054B5E121470D1900C0A1AC /* RainbowRow */ = {
			isa = PBXGroup;
			children = (
				D054B5E221470D1900C0A1AC /* AppDelegate.swift */,
				D054B5E421470D1900C0A1AC /* ViewController.swift */,
				D054B5E621470D1900C0A1AC /* Main.storyboard */,
				D054B5EC21470D1900C0A1AC /* Assets.xcassets */,
				D054B5EE21470D1900C0A1AC /* LaunchScreen.storyboard */,
				D054B5F121470D1900C0A1AC /* Info.plist */,
				D054B5E921470D1900C0A1AC /* RainbowRow.xcdatamodeld */,
			);
			path = RainbowRow;
			sourceTree = "<group>";
		};
/* End PBXGroup section */

/* Begin PBXNativeTarget section */
		D054B5DE21470D1900C0A1AC /* RainbowRow */ = {
			isa = PBXNativeTarget;
			buildConfigurationList = D054B5F421470D1900C0A1AC /* Build configuration list for PBXNativeTarget "RainbowRow" */;
			buildPhases = (
				D054B5DB21470D1900C0A1AC /* Sources */,
				D054B5DC21470D1900C0A1AC /* Frameworks */,
				D054B5DD21470D1900C0A1AC /* Resources */,
			);
			buildRules = (
			);
			dependencies = (
			);
			name = RainbowRow;
			productName = RainbowRow;
			productReference = D054B5DF21470D1900C0A1AC /* RainbowRow.app */;
			productType = "com.apple.product-type.application";
		};
/* End PBXNativeTarget section */

/* Begin PBXProject section */
		D054B5D721470D1900C0A1AC /* Project object */ = {
			isa = PBXProject;
			attributes = {
				LastSwiftUpdateCheck = 0940;
				LastUpgradeCheck = 0940;
				ORGANIZATIONNAME = "Amanda Demetrio";
				TargetAttributes = {
					D054B5DE21470D1900C0A1AC = {
						CreatedOnToolsVersion = 9.4.1;
					};
				};
			};
			buildConfigurationList = D054B5DA21470D1900C0A1AC /* Build configuration list for PBXProject "RainbowRow" */;
			compatibilityVersion = "Xcode 9.3";
			developmentRegion = en;
			hasScannedForEncodings = 0;
			knownRegions = (
				en,
				Base,
			);
			mainGroup = D054B5D621470D1900C0A1AC;
			productRefGroup = D054B5E021470D1900C0A1AC /* Products */;
			projectDirPath = "";
			projectRoot = "";
			targets = (
				D054B5DE21470D1900C0A1AC /* RainbowRow */,
			);
		};
/* End PBXProject section */

/* Begin PBXResourcesBuildPhase section */
		D054B5DD21470D1900C0A1AC /* Resources */ = {
			isa = PBXResourcesBuildPhase;
			buildActionMask = 2147483647;
			files = (
				D054B5F021470D1900C0A1AC /* LaunchScreen.storyboard in Resources */,
				D054B5ED21470D1900C0A1AC /* Assets.xcassets in Resources */,
				D054B5E821470D1900C0A1AC /* Main.storyboard in Resources */,
			);
			runOnlyForDeploymentPostprocessing = 0;
		};
/* End PBXResourcesBuildPhase section */

/* Begin PBXSourcesBuildPhase section */
		D054B5DB21470D1900C0A1AC /* Sources */ = {
			isa = PBXSourcesBuildPhase;
			buildActionMask = 2147483647;
			files = (
				D054B5EB21470D1900C0A1AC /* RainbowRow.xcdatamodeld in Sources */,
				D054B5E521470D1900C0A1AC /* ViewController.swift in Sources */,
				D054B5E321470D1900C0A1AC /* AppDelegate.swift in Sources */,
			);
			runOnlyForDeploymentPostprocessing = 0;
		};
/* End PBXSourcesBuildPhase section */

/* Begin PBXVariantGroup section */
		D054B5E621470D1900C0A1AC /* Main.storyboard */ = {
			isa = PBXVariantGroup;
			children = (
				D054B5E721470D1900C0A1AC /* Base */,
			);
			name = Main.storyboard;
			sourceTree = "<group>";
		};
		D054B5EE21470D1900C0A1AC /* LaunchScreen.storyboard */ = {
			isa = PBXVariantGroup;
			children = (
				D054B5EF21470D1900C0A1AC /* Base */,
			);
			name = LaunchScreen.storyboard;
			sourceTree = "<group>";
		};
/* End PBXVariantGroup section */

/* Begin XCBuildConfiguration section */
		D054B5F221470D1900C0A1AC /* Debug */ = {
			isa = XCBuildConfiguration;
			buildSettings = {
				ALWAYS_SEARCH_USER_PATHS = NO;
				CLANG_ANALYZER_NONNULL = YES;
				CLANG_ANALYZER_NUMBER_OBJECT_CONVERSION = YES_AGGRESSIVE;
				CLANG_CXX_LANGUAGE_STANDARD = "gnu++14";
				CLANG_CXX_LIBRARY = "libc++";
				CLANG_ENABLE_MODULES = YES;
				CLANG_ENABLE_OBJC_ARC = YES;
				CLANG_ENABLE_OBJC_WEAK = YES;
				CLANG_WARN_BLOCK_CAPTURE_AUTORELEASING = YES;
				CLANG_WARN_BOOL_CONVERSION = YES;
				CLANG_WARN_COMMA = YES;
				CLANG_WARN_CONSTANT_CONVERSION = YES;
				CLANG_WARN_DEPRECATED_OBJC_IMPLEMENTATIONS = YES;
				CLANG_WARN_DIRECT_OBJC_ISA_USAGE = YES_ERROR;
				CLANG_WARN_DOCUMENTATION_COMMENTS = YES;
				CLANG_WARN_EMPTY_BODY = YES;
				CLANG_WARN_ENUM_CONVERSION = YES;
				CLANG_WARN_INFINITE_RECURSION = YES;
				CLANG_WARN_INT_CONVERSION = YES;
				CLANG_WARN_NON_LITERAL_NULL_CONVERSION = YES;
				CLANG_WARN_OBJC_IMPLICIT_RETAIN_SELF = YES;
				CLANG_WARN_OBJC_LITERAL_CONVERSION = YES;
				CLANG_WARN_OBJC_ROOT_CLASS = YES_ERROR;
				CLANG_WARN_RANGE_LOOP_ANALYSIS = YES;
				CLANG_WARN_STRICT_PROTOTYPES = YES;
				CLANG_WARN_SUSPICIOUS_MOVE = YES;
				CLANG_WARN_UNGUARDED_AVAILABILITY = YES_AGGRESSIVE;
				CLANG_WARN_UNREACHABLE_CODE = YES;
				CLANG_WARN__DUPLICATE_METHOD_MATCH = YES;
				CODE_SIGN_IDENTITY = "iPhone Developer";
				COPY_PHASE_STRIP = NO;
				DEBUG_INFORMATION_FORMAT = dwarf;
				ENABLE_STRICT_OBJC_MSGSEND = YES;
				ENABLE_TESTABILITY = YES;
				GCC_C_LANGUAGE_STANDARD = gnu11;
				GCC_DYNAMIC_NO_PIC = NO;
				GCC_NO_COMMON_BLOCKS = YES;
				GCC_OPTIMIZATION_LEVEL = 0;
				GCC_PREPROCESSOR_DEFINITIONS = (
					"DEBUG=1",
					"$(inherited)",
				);
				GCC_WARN_64_TO_32_BIT_CONVERSION = YES;
				GCC_WARN_ABOUT_RETURN_TYPE = YES_ERROR;
				GCC_WARN_UNDECLARED_SELECTOR = YES;
				GCC_WARN_UNINITIALIZED_AUTOS = YES_AGGRESSIVE;
				GCC_WARN_UNUSED_FUNCTION = YES;
				GCC_WARN_UNUSED_VARIABLE = YES;
				IPHONEOS_DEPLOYMENT_TARGET = 11.4;
				MTL_ENABLE_DEBUG_INFO = YES;
				ONLY_ACTIVE_ARCH = YES;
				SDKROOT = iphoneos;
				SWIFT_ACTIVE_COMPILATION_CONDITIONS = DEBUG;
				SWIFT_OPTIMIZATION_LEVEL = "-Onone";
			};
			name = Debug;
		};
		D054B5F321470D1900C0A1AC /* Release */ = {
			isa = XCBuildConfiguration;
			buildSettings = {
				ALWAYS_SEARCH_USER_PATHS = NO;
				CLANG_ANALYZER_NONNULL = YES;
				CLANG_ANALYZER_NUMBER_OBJECT_CONVERSION = YES_AGGRESSIVE;
				CLANG_CXX_LANGUAGE_STANDARD = "gnu++14";
				CLANG_CXX_LIBRARY = "libc++";
				CLANG_ENABLE_MODULES = YES;
				CLANG_ENABLE_OBJC_ARC = YES;
				CLANG_ENABLE_OBJC_WEAK = YES;
				CLANG_WARN_BLOCK_CAPTURE_AUTORELEASING = YES;
				CLANG_WARN_BOOL_CONVERSION = YES;
				CLANG_WARN_COMMA = YES;
				CLANG_WARN_CONSTANT_CONVERSION = YES;
				CLANG_WARN_DEPRECATED_OBJC_IMPLEMENTATIONS = YES;
				CLANG_WARN_DIRECT_OBJC_ISA_USAGE = YES_ERROR;
				CLANG_WARN_DOCUMENTATION_COMMENTS = YES;
				CLANG_WARN_EMPTY_BODY = YES;
				CLANG_WARN_ENUM_CONVERSION = YES;
				CLANG_WARN_INFINITE_RECURSION = YES;
				CLANG_WARN_INT_CONVERSION = YES;
				CLANG_WARN_NON_LITERAL_NULL_CONVERSION = YES;
				CLANG_WARN_OBJC_IMPLICIT_RETAIN_SELF = YES;
				CLANG_WARN_OBJC_LITERAL_CONVERSION = YES;
				CLANG_WARN_OBJC_ROOT_CLASS = YES_ERROR;
				CLANG_WARN_RANGE_LOOP_ANALYSIS = YES;
				CLANG_WARN_STRICT_PROTOTYPES = YES;
				CLANG_WARN_SUSPICIOUS_MOVE = YES;
				CLANG_WARN_UNGUARDED_AVAILABILITY = YES_AGGRESSIVE;
				CLANG_WARN_UNREACHABLE_CODE = YES;
				CLANG_WARN__DUPLICATE_METHOD_MATCH = YES;
				CODE_SIGN_IDENTITY = "iPhone Developer";
				COPY_PHASE_STRIP = NO;
				DEBUG_INFORMATION_FORMAT = "dwarf-with-dsym";
				ENABLE_NS_ASSERTIONS = NO;
				ENABLE_STRICT_OBJC_MSGSEND = YES;
				GCC_C_LANGUAGE_STANDARD = gnu11;
				GCC_NO_COMMON_BLOCKS = YES;
				GCC_WARN_64_TO_32_BIT_CONVERSION = YES;
				GCC_WARN_ABOUT_RETURN_TYPE = YES_ERROR;
				GCC_WARN_UNDECLARED_SELECTOR = YES;
				GCC_WARN_UNINITIALIZED_AUTOS = YES_AGGRESSIVE;
				GCC_WARN_UNUSED_FUNCTION = YES;
				GCC_WARN_UNUSED_VARIABLE = YES;
				IPHONEOS_DEPLOYMENT_TARGET = 11.4;
				MTL_ENABLE_DEBUG_INFO = NO;
				SDKROOT = iphoneos;
				SWIFT_COMPILATION_MODE = wholemodule;
				SWIFT_OPTIMIZATION_LEVEL = "-O";
				VALIDATE_PRODUCT = YES;
			};
			name = Release;
		};
		D054B5F521470D1900C0A1AC /* Debug */ = {
			isa = XCBuildConfiguration;
			buildSettings = {
				ASSETCATALOG_COMPILER_APPICON_NAME = AppIcon;
				CODE_SIGN_STYLE = Automatic;
				DEVELOPMENT_TEAM = Y3JS8H9524;
				INFOPLIST_FILE = RainbowRow/Info.plist;
				LD_RUNPATH_SEARCH_PATHS = (
					"$(inherited)",
					"@executable_path/Frameworks",
				);
				PRODUCT_BUNDLE_IDENTIFIER = com.amandademetrio.RainbowRow;
				PRODUCT_NAME = "$(TARGET_NAME)";
				SWIFT_VERSION = 4.0;
				TARGETED_DEVICE_FAMILY = "1,2";
			};
			name = Debug;
		};
		D054B5F621470D1900C0A1AC /* Release */ = {
			isa = XCBuildConfiguration;
			buildSettings = {
				ASSETCATALOG_COMPILER_APPICON_NAME = AppIcon;
				CODE_SIGN_STYLE = Automatic;
				DEVELOPMENT_TEAM = Y3JS8H9524;
				INFOPLIST_FILE = RainbowRow/Info.plist;
				LD_RUNPATH_SEARCH_PATHS = (
					"$(inherited)",
					"@executable_path/Frameworks",
				);
				PRODUCT_BUNDLE_IDENTIFIER = com.amandademetrio.RainbowRow;
				PRODUCT_NAME = "$(TARGET_NAME)";
				SWIFT_VERSION = 4.0;
				TARGETED_DEVICE_FAMILY = "1,2";
			};
			name = Release;
		};
/* End XCBuildConfiguration section */

/* Begin XCConfigurationList section */
		D054B5DA21470D1900C0A1AC /* Build configuration list for PBXProject "RainbowRow" */ = {
			isa = XCConfigurationList;
			buildConfigurations = (
				D054B5F221470D1900C0A1AC /* Debug */,
				D054B5F321470D1900C0A1AC /* Release */,
			);
			defaultConfigurationIsVisible = 0;
			defaultConfigurationName = Release;
		};
		D054B5F421470D1900C0A1AC /* Build configuration list for PBXNativeTarget "RainbowRow" */ = {
			isa = XCConfigurationList;
			buildConfigurations = (
				D054B5F521470D1900C0A1AC /* Debug */,
				D054B5F621470D1900C0A1AC /* Release */,
			);
			defaultConfigurationIsVisible = 0;
			defaultConfigurationName = Release;
		};
/* End XCConfigurationList section */

/* Begin XCVersionGroup section */
		D054B5E921470D1900C0A1AC /* RainbowRow.xcdatamodeld */ = {
			isa = XCVersionGroup;
			children = (
				D054B5EA21470D1900C0A1AC /* RainbowRow.xcdatamodel */,
			);
			currentVersion = D054B5EA21470D1900C0A1AC /* RainbowRow.xcdatamodel */;
			path = RainbowRow.xcdatamodeld;
			sourceTree = "<group>";
			versionGroupType = wrapper.xcdatamodel;
		};
/* End XCVersionGroup section */
	};
	rootObject = D054B5D721470D1900C0A1AC /* Project object */;
}
